{
  "version": 4,
  "terraform_version": "1.7.5",
  "serial": 20,
  "lineage": "0769c1cd-7fb3-b939-6e6c-f79a4fd1dea0",
  "outputs": {},
  "resources": [
    {
      "mode": "managed",
      "type": "hcloud_network",
      "name": "hc_private",
      "provider": "provider[\"registry.terraform.io/hetznercloud/hcloud\"]",
      "instances": [
        {
          "schema_version": 0,
          "attributes": {
            "delete_protection": false,
            "expose_routes_to_vswitch": false,
            "id": "4033171",
            "ip_range": "10.0.1.0/24",
            "labels": null,
            "name": "hc_private"
          },
          "sensitive_attributes": [],
          "private": "bnVsbA=="
        }
      ]
    },
    {
      "mode": "managed",
      "type": "hcloud_network_subnet",
      "name": "hc_private_subnet",
      "provider": "provider[\"registry.terraform.io/hetznercloud/hcloud\"]",
      "instances": [
        {
          "schema_version": 0,
          "attributes": {
            "gateway": "10.0.1.1",
            "id": "4033171-10.0.1.0/24",
            "ip_range": "10.0.1.0/24",
            "network_id": 4033171,
            "network_zone": "eu-central",
            "type": "cloud",
            "vswitch_id": null
          },
          "sensitive_attributes": [],
          "private": "bnVsbA==",
          "dependencies": [
            "hcloud_network.hc_private"
          ]
        }
      ]
    },
    {
      "mode": "managed",
      "type": "hcloud_server",
      "name": "web",
      "provider": "provider[\"registry.terraform.io/hetznercloud/hcloud\"]",
      "instances": [
        {
          "schema_version": 0,
          "attributes": {
            "allow_deprecated_images": false,
            "backup_window": "",
            "backups": false,
            "datacenter": "nbg1-dc3",
            "delete_protection": false,
            "firewall_ids": [],
            "id": "44969585",
            "ignore_remote_firewall_ids": false,
            "image": "ubuntu-22.04",
            "ipv4_address": "162.55.190.58",
            "ipv6_address": "2a01:4f8:c0c:aad5::1",
            "ipv6_network": "2a01:4f8:c0c:aad5::/64",
            "iso": null,
            "keep_disk": false,
            "labels": {
              "type": "web"
            },
            "location": "nbg1",
            "name": "default",
            "network": [],
            "placement_group_id": null,
            "primary_disk_size": 20,
            "public_net": [],
            "rebuild_protection": false,
            "rescue": null,
            "server_type": "cx11",
            "shutdown_before_deletion": false,
            "ssh_keys": [
              "20118574"
            ],
            "status": "running",
            "timeouts": null,
            "user_data": "rKSjaMdIL0qPLzTHN87px3tdsgo="
          },
          "sensitive_attributes": [],
          "private": "eyJlMmJmYjczMC1lY2FhLTExZTYtOGY4OC0zNDM2M2JjN2M0YzAiOnsiY3JlYXRlIjo1NDAwMDAwMDAwMDAwfX0=",
          "dependencies": [
            "hcloud_ssh_key.default"
          ]
        }
      ]
    },
    {
      "mode": "managed",
      "type": "hcloud_server_network",
      "name": "web_network",
      "provider": "provider[\"registry.terraform.io/hetznercloud/hcloud\"]",
      "instances": [
        {
          "schema_version": 0,
          "attributes": {
            "alias_ips": null,
            "id": "44969585-4033171",
            "ip": "10.0.1.2",
            "mac_address": "86:00:00:80:25:2b",
            "network_id": null,
            "server_id": 44969585,
            "subnet_id": "4033171-10.0.1.0/24"
          },
          "sensitive_attributes": [],
          "private": "bnVsbA==",
          "dependencies": [
            "hcloud_network.hc_private",
            "hcloud_network_subnet.hc_private_subnet",
            "hcloud_server.web",
            "hcloud_ssh_key.default"
          ]
        }
      ]
    },
    {
      "mode": "managed",
      "type": "hcloud_ssh_key",
      "name": "default",
      "provider": "provider[\"registry.terraform.io/hetznercloud/hcloud\"]",
      "instances": [
        {
          "schema_version": 0,
          "attributes": {
            "fingerprint": "fc:a5:b2:e4:5f:ec:42:27:64:17:fd:30:a9:1a:78:f6",
            "id": "20118574",
            "labels": null,
            "name": "hetzner_key",
            "public_key": "ssh-rsa AAAAB3NzaC1yc2EAAAADAQABAAACAQCfdI2ksx2kjzDG9BRFOvdX24S1BXmIOxrWRGhpiVdxeD0qZ53+W9jkHUztRFAomsFMt1ZCnZvH8cyqRKf+MwpuFzTDJZZwABVItfrg10mD3BZjykg3jo7LQemfGpcclNE+1fnBNzp3QJI+ZpNqPE/UcGXXyI6R9Y21j+wOSVeoUBjd0KGgpxXuGmE+fBx29laN0b4E9JZEFRsZx0YPireHck75Ey9S7uyrCegAel8A9kSTGWxQokBYWOZc581v31YiDW/ARRDhBNlqOSKiSvPDkYeXEDzDbFXtGkSqHdxhisGH1hGPFAu6kRtoTSwNH9RiNhgVcLTzTUBQSTtzPXbZ2aq2N5KK5fW9JYf/7BBtiOXyUMCIEQU/kXt8PdrsLI5XIVVEd2LatPTJRqdaGkob4B/ndELkkqsvmeuFFhBqXccLROusduF1SizCLz6bmMA3+VcjPzSdtO38ehlb6UmljurnctfQZU4VZFgSY4gE0uQs21OD2OLqcgPsnaIjs/zyOLhZ05WMdCNxItD7J7e7kDGFluSlgpynq7FuWkEOnYSZnj5uKuT8r2NHRfXG1E64zO1DuSU0XhkZb2/d/1UpKg5CR8n+sWcgK4Ewojw2kI+in9oIUsPU92YN7VhtRgzP241xnBxTpDgIwezEMCAPoNCfr5qjpPo3uxx33LcsVQ== hoppix@seele\n"
          },
          "sensitive_attributes": [],
          "private": "bnVsbA=="
        }
      ]
    }
  ],
  "check_results": null
}
